version = 1
revision = 3
requires-python = ">=3.11"

[[package]]
name = "opc-platform"
version = "0.1.0"
source = { editable = "." }
dependencies = [
    { name = "pypinyin" },
]

[package.metadata]
requires-dist = [{ name = "pypinyin", specifier = ">=0.50" }]

[[package]]
name = "pypinyin"
version = "0.55.0"
source = { registry = "https://pypi.org/simple" }
sdist = { url = "https://files.pythonhosted.org/packages/b4/a4/784cf98c09e0dc22776b0d7d8a4a5b761218bcae4608c2416ce1e167c8af/pypinyin-0.55.0.tar.gz", hash = "sha256:b5711b3a0c6f76e67408ec6b2e3c4987a3a806b7c528076e7c7b86fcf0eaa66b", size = 839836, upload-time = "2025-07-20T12:01:50.657Z" }
wheels = [
    { url = "https://files.pythonhosted.org/packages/b9/7b/4cabc76fcc21c3c7d5c671d8783984d30ac9d3bb387c4ba784fca3cdfa3a/pypinyin-0.55.0-py2.py3-none-any.whl", hash = "sha256:d53b1e8ad2cdb815fb2cb604ed3123372f5a28c6f447571244aca36fc62a286f", size = 840203, upload-time = "2025-07-20T12:01:48.535Z" },
]
